// !$*UTF8*$!
{
	archiveVersion = 1;
	classes = {
	};
	objectVersion = 55;
	objects = {

/* Begin PBXBuildFile section */
		F426B73D293F6014004D939C /* BankerUnitTests.swift in Sources */ = {isa = PBXBuildFile; fileRef = F426B73C293F6014004D939C /* BankerUnitTests.swift */; };
		F426B744293F6443004D939C /* CurrencyFormatterTests.swift in Sources */ = {isa = PBXBuildFile; fileRef = F426B743293F6443004D939C /* CurrencyFormatterTests.swift */; };
		F435E1C3293043BE00E4C792 /* Decimal+Utils.swift in Sources */ = {isa = PBXBuildFile; fileRef = F435E1C2293043BE00E4C792 /* Decimal+Utils.swift */; };
		F435E1C52930444F00E4C792 /* CurencyFormatter.swift in Sources */ = {isa = PBXBuildFile; fileRef = F435E1C42930444F00E4C792 /* CurencyFormatter.swift */; };
		F440C92B2924384E00411D0B /* AccountSummaryViewController.swift in Sources */ = {isa = PBXBuildFile; fileRef = F440C92A2924384E00411D0B /* AccountSummaryViewController.swift */; };
		F440C92D29243FDA00411D0B /* AccountSummaryHeaderView.swift in Sources */ = {isa = PBXBuildFile; fileRef = F440C92C29243FDA00411D0B /* AccountSummaryHeaderView.swift */; };
		F440C92F2924400700411D0B /* AccountSummaryHeaderView.xib in Resources */ = {isa = PBXBuildFile; fileRef = F440C92E2924400700411D0B /* AccountSummaryHeaderView.xib */; };
		F442504D287CFD9B00003818 /* LoginView.swift in Sources */ = {isa = PBXBuildFile; fileRef = F442504C287CFD9B00003818 /* LoginView.swift */; };
		F4536B08291B1C20000BF752 /* LocalState.swift in Sources */ = {isa = PBXBuildFile; fileRef = F4536B07291B1C20000BF752 /* LocalState.swift */; };
		F4536B0B291C8A9D000BF752 /* MainViewController.swift in Sources */ = {isa = PBXBuildFile; fileRef = F4536B0A291C8A9D000BF752 /* MainViewController.swift */; };
		F4536B0D291C8BE5000BF752 /* UIViewController+Utils.swift in Sources */ = {isa = PBXBuildFile; fileRef = F4536B0C291C8BE5000BF752 /* UIViewController+Utils.swift */; };
		F46D31E72978D01900385FE5 /* ProfileTest.swift in Sources */ = {isa = PBXBuildFile; fileRef = F46D31E62978D01900385FE5 /* ProfileTest.swift */; };
		F46D31E92978D07B00385FE5 /* AccountTests.swift in Sources */ = {isa = PBXBuildFile; fileRef = F46D31E82978D07B00385FE5 /* AccountTests.swift */; };
		F47283D02915572A009333B0 /* OnboardingViewController.swift in Sources */ = {isa = PBXBuildFile; fileRef = F47283CF2915572A009333B0 /* OnboardingViewController.swift */; };
		F4A73F00294A2451007B7255 /* NSNotificationName.swift in Sources */ = {isa = PBXBuildFile; fileRef = F4A73EFF294A2451007B7255 /* NSNotificationName.swift */; };
		F4A73F02294A2834007B7255 /* UITextField+Utils.swift in Sources */ = {isa = PBXBuildFile; fileRef = F4A73F01294A2834007B7255 /* UITextField+Utils.swift */; };
		F4C559B42980BB81000DDBBB /* SkeletonLoadable.swift in Sources */ = {isa = PBXBuildFile; fileRef = F4C559B32980BB81000DDBBB /* SkeletonLoadable.swift */; };
		F4C559B62980BCB8000DDBBB /* SkeletonCell.swift in Sources */ = {isa = PBXBuildFile; fileRef = F4C559B52980BCB8000DDBBB /* SkeletonCell.swift */; };
		F4CE01CC297835370016AAD2 /* Date+Utils.swift in Sources */ = {isa = PBXBuildFile; fileRef = F4CE01CB297835370016AAD2 /* Date+Utils.swift */; };
		F4CE01CE297839DD0016AAD2 /* AccountSummaryViewController+Networking.swift in Sources */ = {isa = PBXBuildFile; fileRef = F4CE01CD297839DD0016AAD2 /* AccountSummaryViewController+Networking.swift */; };
		F4D9477A2964E441004F326E /* ShakeyBellView.swift in Sources */ = {isa = PBXBuildFile; fileRef = F4D947792964E441004F326E /* ShakeyBellView.swift */; };
		F4E32A47287CF9040002AB0F /* AppDelegate.swift in Sources */ = {isa = PBXBuildFile; fileRef = F4E32A46287CF9040002AB0F /* AppDelegate.swift */; };
		F4E32A4B287CF9040002AB0F /* LoginViewController.swift in Sources */ = {isa = PBXBuildFile; fileRef = F4E32A4A287CF9040002AB0F /* LoginViewController.swift */; };
		F4E32A50287CF9050002AB0F /* Assets.xcassets in Resources */ = {isa = PBXBuildFile; fileRef = F4E32A4F287CF9050002AB0F /* Assets.xcassets */; };
		F4E32A53287CF9050002AB0F /* LaunchScreen.storyboard in Resources */ = {isa = PBXBuildFile; fileRef = F4E32A51287CF9050002AB0F /* LaunchScreen.storyboard */; };
		F4F0C89528AC47B00083CEF4 /* OnboardingContainerViewController.swift in Sources */ = {isa = PBXBuildFile; fileRef = F4F0C89428AC47B00083CEF4 /* OnboardingContainerViewController.swift */; };
		F4FC44C8292C33CA001AD0BE /* AccountSummaryCell.swift in Sources */ = {isa = PBXBuildFile; fileRef = F4FC44C7292C33CA001AD0BE /* AccountSummaryCell.swift */; };
/* End PBXBuildFile section */

/* Begin PBXContainerItemProxy section */
		F426B73E293F6014004D939C /* PBXContainerItemProxy */ = {
			isa = PBXContainerItemProxy;
			containerPortal = F4E32A3B287CF9040002AB0F /* Project object */;
			proxyType = 1;
			remoteGlobalIDString = F4E32A42287CF9040002AB0F;
			remoteInfo = Banker;
		};
/* End PBXContainerItemProxy section */

/* Begin PBXFileReference section */
		F426B73A293F6014004D939C /* BankerUnitTests.xctest */ = {isa = PBXFileReference; explicitFileType = wrapper.cfbundle; includeInIndex = 0; path = BankerUnitTests.xctest; sourceTree = BUILT_PRODUCTS_DIR; };
		F426B73C293F6014004D939C /* BankerUnitTests.swift */ = {isa = PBXFileReference; lastKnownFileType = sourcecode.swift; path = BankerUnitTests.swift; sourceTree = "<group>"; };
		F426B743293F6443004D939C /* CurrencyFormatterTests.swift */ = {isa = PBXFileReference; lastKnownFileType = sourcecode.swift; path = CurrencyFormatterTests.swift; sourceTree = "<group>"; };
		F435E1C2293043BE00E4C792 /* Decimal+Utils.swift */ = {isa = PBXFileReference; lastKnownFileType = sourcecode.swift; path = "Decimal+Utils.swift"; sourceTree = "<group>"; };
		F435E1C42930444F00E4C792 /* CurencyFormatter.swift */ = {isa = PBXFileReference; lastKnownFileType = sourcecode.swift; path = CurencyFormatter.swift; sourceTree = "<group>"; };
		F440C92A2924384E00411D0B /* AccountSummaryViewController.swift */ = {isa = PBXFileReference; lastKnownFileType = sourcecode.swift; path = AccountSummaryViewController.swift; sourceTree = "<group>"; };
		F440C92C29243FDA00411D0B /* AccountSummaryHeaderView.swift */ = {isa = PBXFileReference; lastKnownFileType = sourcecode.swift; path = AccountSummaryHeaderView.swift; sourceTree = "<group>"; };
		F440C92E2924400700411D0B /* AccountSummaryHeaderView.xib */ = {isa = PBXFileReference; lastKnownFileType = file.xib; path = AccountSummaryHeaderView.xib; sourceTree = "<group>"; };
		F442504C287CFD9B00003818 /* LoginView.swift */ = {isa = PBXFileReference; lastKnownFileType = sourcecode.swift; path = LoginView.swift; sourceTree = "<group>"; };
		F4536B07291B1C20000BF752 /* LocalState.swift */ = {isa = PBXFileReference; lastKnownFileType = sourcecode.swift; path = LocalState.swift; sourceTree = "<group>"; };
		F4536B0A291C8A9D000BF752 /* MainViewController.swift */ = {isa = PBXFileReference; lastKnownFileType = sourcecode.swift; path = MainViewController.swift; sourceTree = "<group>"; };
		F4536B0C291C8BE5000BF752 /* UIViewController+Utils.swift */ = {isa = PBXFileReference; lastKnownFileType = sourcecode.swift; path = "UIViewController+Utils.swift"; sourceTree = "<group>"; };
		F46D31E62978D01900385FE5 /* ProfileTest.swift */ = {isa = PBXFileReference; lastKnownFileType = sourcecode.swift; path = ProfileTest.swift; sourceTree = "<group>"; };
		F46D31E82978D07B00385FE5 /* AccountTests.swift */ = {isa = PBXFileReference; lastKnownFileType = sourcecode.swift; path = AccountTests.swift; sourceTree = "<group>"; };
		F47283CF2915572A009333B0 /* OnboardingViewController.swift */ = {isa = PBXFileReference; lastKnownFileType = sourcecode.swift; path = OnboardingViewController.swift; sourceTree = "<group>"; };
		F4A73EFF294A2451007B7255 /* NSNotificationName.swift */ = {isa = PBXFileReference; lastKnownFileType = sourcecode.swift; path = NSNotificationName.swift; sourceTree = "<group>"; };
		F4A73F01294A2834007B7255 /* UITextField+Utils.swift */ = {isa = PBXFileReference; lastKnownFileType = sourcecode.swift; path = "UITextField+Utils.swift"; sourceTree = "<group>"; };
		F4C559B32980BB81000DDBBB /* SkeletonLoadable.swift */ = {isa = PBXFileReference; lastKnownFileType = sourcecode.swift; path = SkeletonLoadable.swift; sourceTree = "<group>"; };
		F4C559B52980BCB8000DDBBB /* SkeletonCell.swift */ = {isa = PBXFileReference; lastKnownFileType = sourcecode.swift; path = SkeletonCell.swift; sourceTree = "<group>"; };
		F4CE01CB297835370016AAD2 /* Date+Utils.swift */ = {isa = PBXFileReference; lastKnownFileType = sourcecode.swift; path = "Date+Utils.swift"; sourceTree = "<group>"; };
		F4CE01CD297839DD0016AAD2 /* AccountSummaryViewController+Networking.swift */ = {isa = PBXFileReference; lastKnownFileType = sourcecode.swift; path = "AccountSummaryViewController+Networking.swift"; sourceTree = "<group>"; };
		F4D947792964E441004F326E /* ShakeyBellView.swift */ = {isa = PBXFileReference; lastKnownFileType = sourcecode.swift; path = ShakeyBellView.swift; sourceTree = "<group>"; };
		F4E32A43287CF9040002AB0F /* Banker.app */ = {isa = PBXFileReference; explicitFileType = wrapper.application; includeInIndex = 0; path = Banker.app; sourceTree = BUILT_PRODUCTS_DIR; };
		F4E32A46287CF9040002AB0F /* AppDelegate.swift */ = {isa = PBXFileReference; lastKnownFileType = sourcecode.swift; path = AppDelegate.swift; sourceTree = "<group>"; };
		F4E32A4A287CF9040002AB0F /* LoginViewController.swift */ = {isa = PBXFileReference; lastKnownFileType = sourcecode.swift; path = LoginViewController.swift; sourceTree = "<group>"; };
		F4E32A4F287CF9050002AB0F /* Assets.xcassets */ = {isa = PBXFileReference; lastKnownFileType = folder.assetcatalog; path = Assets.xcassets; sourceTree = "<group>"; };
		F4E32A52287CF9050002AB0F /* Base */ = {isa = PBXFileReference; lastKnownFileType = file.storyboard; name = Base; path = Base.lproj/LaunchScreen.storyboard; sourceTree = "<group>"; };
		F4E32A54287CF9050002AB0F /* Info.plist */ = {isa = PBXFileReference; lastKnownFileType = text.plist.xml; path = Info.plist; sourceTree = "<group>"; };
		F4F0C89428AC47B00083CEF4 /* OnboardingContainerViewController.swift */ = {isa = PBXFileReference; lastKnownFileType = sourcecode.swift; path = OnboardingContainerViewController.swift; sourceTree = "<group>"; };
		F4FC44C7292C33CA001AD0BE /* AccountSummaryCell.swift */ = {isa = PBXFileReference; lastKnownFileType = sourcecode.swift; path = AccountSummaryCell.swift; sourceTree = "<group>"; };
/* End PBXFileReference section */

/* Begin PBXFrameworksBuildPhase section */
		F426B737293F6014004D939C /* Frameworks */ = {
			isa = PBXFrameworksBuildPhase;
			buildActionMask = 2147483647;
			files = (
			);
			runOnlyForDeploymentPostprocessing = 0;
		};
		F4E32A40287CF9040002AB0F /* Frameworks */ = {
			isa = PBXFrameworksBuildPhase;
			buildActionMask = 2147483647;
			files = (
			);
			runOnlyForDeploymentPostprocessing = 0;
		};
/* End PBXFrameworksBuildPhase section */

/* Begin PBXGroup section */
		F426B73B293F6014004D939C /* BankerUnitTests */ = {
			isa = PBXGroup;
			children = (
				F46D31E52978D00100385FE5 /* AccountSummary */,
				F46D31E42978CFF300385FE5 /* Utils */,
				F426B73C293F6014004D939C /* BankerUnitTests.swift */,
			);
			path = BankerUnitTests;
			sourceTree = "<group>";
		};
		F440C9292924382800411D0B /* AccountSummary */ = {
			isa = PBXGroup;
			children = (
				F440C92A2924384E00411D0B /* AccountSummaryViewController.swift */,
				F4FC44C5292C33A5001AD0BE /* Header */,
				F4FC44C6292C33BB001AD0BE /* Cells */,
				F4CE01CD297839DD0016AAD2 /* AccountSummaryViewController+Networking.swift */,
			);
			path = AccountSummary;
			sourceTree = "<group>";
		};
		F442504A287CFD0000003818 /* Files */ = {
			isa = PBXGroup;
			children = (
				F4E32A4F287CF9050002AB0F /* Assets.xcassets */,
				F4E32A51287CF9050002AB0F /* LaunchScreen.storyboard */,
				F4E32A54287CF9050002AB0F /* Info.plist */,
			);
			name = Files;
			sourceTree = "<group>";
		};
		F442504B287CFD6F00003818 /* Login */ = {
			isa = PBXGroup;
			children = (
				F4E32A4A287CF9040002AB0F /* LoginViewController.swift */,
				F442504C287CFD9B00003818 /* LoginView.swift */,
			);
			path = Login;
			sourceTree = "<group>";
		};
		F4536B06291B1C12000BF752 /* Util */ = {
			isa = PBXGroup;
			children = (
				F4536B0C291C8BE5000BF752 /* UIViewController+Utils.swift */,
				F435E1C2293043BE00E4C792 /* Decimal+Utils.swift */,
				F4A73F01294A2834007B7255 /* UITextField+Utils.swift */,
				F4536B07291B1C20000BF752 /* LocalState.swift */,
				F435E1C42930444F00E4C792 /* CurencyFormatter.swift */,
				F4A73EFF294A2451007B7255 /* NSNotificationName.swift */,
				F4CE01CB297835370016AAD2 /* Date+Utils.swift */,
			);
			path = Util;
			sourceTree = "<group>";
		};
		F4536B09291C8A8F000BF752 /* Main */ = {
			isa = PBXGroup;
			children = (
				F4536B0A291C8A9D000BF752 /* MainViewController.swift */,
			);
			path = Main;
			sourceTree = "<group>";
		};
		F46D31E42978CFF300385FE5 /* Utils */ = {
			isa = PBXGroup;
			children = (
				F426B743293F6443004D939C /* CurrencyFormatterTests.swift */,
			);
			path = Utils;
			sourceTree = "<group>";
		};
		F46D31E52978D00100385FE5 /* AccountSummary */ = {
			isa = PBXGroup;
			children = (
				F46D31E62978D01900385FE5 /* ProfileTest.swift */,
				F46D31E82978D07B00385FE5 /* AccountTests.swift */,
			);
			path = AccountSummary;
			sourceTree = "<group>";
		};
		F4D947782964E42D004F326E /* Components */ = {
			isa = PBXGroup;
			children = (
				F4D947792964E441004F326E /* ShakeyBellView.swift */,
			);
			path = Components;
			sourceTree = "<group>";
		};
		F4E32A3A287CF9040002AB0F = {
			isa = PBXGroup;
			children = (
				F4E32A45287CF9040002AB0F /* Banker */,
				F426B73B293F6014004D939C /* BankerUnitTests */,
				F4E32A44287CF9040002AB0F /* Products */,
			);
			sourceTree = "<group>";
		};
		F4E32A44287CF9040002AB0F /* Products */ = {
			isa = PBXGroup;
			children = (
				F4E32A43287CF9040002AB0F /* Banker.app */,
				F426B73A293F6014004D939C /* BankerUnitTests.xctest */,
			);
			name = Products;
			sourceTree = "<group>";
		};
		F4E32A45287CF9040002AB0F /* Banker */ = {
			isa = PBXGroup;
			children = (
				F4D947782964E42D004F326E /* Components */,
				F440C9292924382800411D0B /* AccountSummary */,
				F4E32A46287CF9040002AB0F /* AppDelegate.swift */,
				F4536B09291C8A8F000BF752 /* Main */,
				F4F0C89328AC47A50083CEF4 /* Onboarding */,
				F442504B287CFD6F00003818 /* Login */,
				F4536B06291B1C12000BF752 /* Util */,
				F442504A287CFD0000003818 /* Files */,
			);
			path = Banker;
			sourceTree = "<group>";
		};
		F4F0C89328AC47A50083CEF4 /* Onboarding */ = {
			isa = PBXGroup;
			children = (
				F4F0C89428AC47B00083CEF4 /* OnboardingContainerViewController.swift */,
				F47283CF2915572A009333B0 /* OnboardingViewController.swift */,
			);
			path = Onboarding;
			sourceTree = "<group>";
		};
		F4FC44C5292C33A5001AD0BE /* Header */ = {
			isa = PBXGroup;
			children = (
				F440C92C29243FDA00411D0B /* AccountSummaryHeaderView.swift */,
				F440C92E2924400700411D0B /* AccountSummaryHeaderView.xib */,
			);
			path = Header;
			sourceTree = "<group>";
		};
		F4FC44C6292C33BB001AD0BE /* Cells */ = {
			isa = PBXGroup;
			children = (
				F4FC44C7292C33CA001AD0BE /* AccountSummaryCell.swift */,
				F4C559B32980BB81000DDBBB /* SkeletonLoadable.swift */,
				F4C559B52980BCB8000DDBBB /* SkeletonCell.swift */,
			);
			path = Cells;
			sourceTree = "<group>";
		};
/* End PBXGroup section */

/* Begin PBXNativeTarget section */
		F426B739293F6014004D939C /* BankerUnitTests */ = {
			isa = PBXNativeTarget;
			buildConfigurationList = F426B742293F6014004D939C /* Build configuration list for PBXNativeTarget "BankerUnitTests" */;
			buildPhases = (
				F426B736293F6014004D939C /* Sources */,
				F426B737293F6014004D939C /* Frameworks */,
				F426B738293F6014004D939C /* Resources */,
			);
			buildRules = (
			);
			dependencies = (
				F426B73F293F6014004D939C /* PBXTargetDependency */,
			);
			name = BankerUnitTests;
			productName = BankerUnitTests;
			productReference = F426B73A293F6014004D939C /* BankerUnitTests.xctest */;
			productType = "com.apple.product-type.bundle.unit-test";
		};
		F4E32A42287CF9040002AB0F /* Banker */ = {
			isa = PBXNativeTarget;
			buildConfigurationList = F4E32A6D287CF9050002AB0F /* Build configuration list for PBXNativeTarget "Banker" */;
			buildPhases = (
				F4E32A3F287CF9040002AB0F /* Sources */,
				F4E32A40287CF9040002AB0F /* Frameworks */,
				F4E32A41287CF9040002AB0F /* Resources */,
			);
			buildRules = (
			);
			dependencies = (
			);
			name = Banker;
			productName = Banker;
			productReference = F4E32A43287CF9040002AB0F /* Banker.app */;
			productType = "com.apple.product-type.application";
		};
/* End PBXNativeTarget section */

/* Begin PBXProject section */
		F4E32A3B287CF9040002AB0F /* Project object */ = {
			isa = PBXProject;
			attributes = {
				BuildIndependentTargetsInParallel = 1;
				LastSwiftUpdateCheck = 1410;
				LastUpgradeCheck = 1340;
				TargetAttributes = {
					F426B739293F6014004D939C = {
						CreatedOnToolsVersion = 14.1;
						TestTargetID = F4E32A42287CF9040002AB0F;
					};
					F4E32A42287CF9040002AB0F = {
						CreatedOnToolsVersion = 13.4.1;
					};
				};
			};
			buildConfigurationList = F4E32A3E287CF9040002AB0F /* Build configuration list for PBXProject "Banker" */;
			compatibilityVersion = "Xcode 13.0";
			developmentRegion = en;
			hasScannedForEncodings = 0;
			knownRegions = (
				en,
				Base,
			);
			mainGroup = F4E32A3A287CF9040002AB0F;
			productRefGroup = F4E32A44287CF9040002AB0F /* Products */;
			projectDirPath = "";
			projectRoot = "";
			targets = (
				F4E32A42287CF9040002AB0F /* Banker */,
				F426B739293F6014004D939C /* BankerUnitTests */,
			);
		};
/* End PBXProject section */

/* Begin PBXResourcesBuildPhase section */
		F426B738293F6014004D939C /* Resources */ = {
			isa = PBXResourcesBuildPhase;
			buildActionMask = 2147483647;
			files = (
			);
			runOnlyForDeploymentPostprocessing = 0;
		};
		F4E32A41287CF9040002AB0F /* Resources */ = {
			isa = PBXResourcesBuildPhase;
			buildActionMask = 2147483647;
			files = (
				F440C92F2924400700411D0B /* AccountSummaryHeaderView.xib in Resources */,
				F4E32A53287CF9050002AB0F /* LaunchScreen.storyboard in Resources */,
				F4E32A50287CF9050002AB0F /* Assets.xcassets in Resources */,
			);
			runOnlyForDeploymentPostprocessing = 0;
		};
/* End PBXResourcesBuildPhase section */

/* Begin PBXSourcesBuildPhase section */
		F426B736293F6014004D939C /* Sources */ = {
			isa = PBXSourcesBuildPhase;
			buildActionMask = 2147483647;
			files = (
				F426B73D293F6014004D939C /* BankerUnitTests.swift in Sources */,
				F46D31E92978D07B00385FE5 /* AccountTests.swift in Sources */,
				F426B744293F6443004D939C /* CurrencyFormatterTests.swift in Sources */,
				F46D31E72978D01900385FE5 /* ProfileTest.swift in Sources */,
			);
			runOnlyForDeploymentPostprocessing = 0;
		};
		F4E32A3F287CF9040002AB0F /* Sources */ = {
			isa = PBXSourcesBuildPhase;
			buildActionMask = 2147483647;
			files = (
				F440C92D29243FDA00411D0B /* AccountSummaryHeaderView.swift in Sources */,
				F435E1C3293043BE00E4C792 /* Decimal+Utils.swift in Sources */,
				F4A73F02294A2834007B7255 /* UITextField+Utils.swift in Sources */,
				F4FC44C8292C33CA001AD0BE /* AccountSummaryCell.swift in Sources */,
				F435E1C52930444F00E4C792 /* CurencyFormatter.swift in Sources */,
				F4536B0D291C8BE5000BF752 /* UIViewController+Utils.swift in Sources */,
				F4CE01CC297835370016AAD2 /* Date+Utils.swift in Sources */,
				F4CE01CE297839DD0016AAD2 /* AccountSummaryViewController+Networking.swift in Sources */,
				F442504D287CFD9B00003818 /* LoginView.swift in Sources */,
				F4536B08291B1C20000BF752 /* LocalState.swift in Sources */,
				F4C559B62980BCB8000DDBBB /* SkeletonCell.swift in Sources */,
				F4C559B42980BB81000DDBBB /* SkeletonLoadable.swift in Sources */,
				F4F0C89528AC47B00083CEF4 /* OnboardingContainerViewController.swift in Sources */,
				F4A73F00294A2451007B7255 /* NSNotificationName.swift in Sources */,
				F47283D02915572A009333B0 /* OnboardingViewController.swift in Sources */,
				F4536B0B291C8A9D000BF752 /* MainViewController.swift in Sources */,
				F4E32A4B287CF9040002AB0F /* LoginViewController.swift in Sources */,
				F4E32A47287CF9040002AB0F /* AppDelegate.swift in Sources */,
				F4D9477A2964E441004F326E /* ShakeyBellView.swift in Sources */,
				F440C92B2924384E00411D0B /* AccountSummaryViewController.swift in Sources */,
			);
			runOnlyForDeploymentPostprocessing = 0;
		};
/* End PBXSourcesBuildPhase section */

/* Begin PBXTargetDependency section */
		F426B73F293F6014004D939C /* PBXTargetDependency */ = {
			isa = PBXTargetDependency;
			target = F4E32A42287CF9040002AB0F /* Banker */;
			targetProxy = F426B73E293F6014004D939C /* PBXContainerItemProxy */;
		};
/* End PBXTargetDependency section */

/* Begin PBXVariantGroup section */
		F4E32A51287CF9050002AB0F /* LaunchScreen.storyboard */ = {
			isa = PBXVariantGroup;
			children = (
				F4E32A52287CF9050002AB0F /* Base */,
			);
			name = LaunchScreen.storyboard;
			sourceTree = "<group>";
		};
/* End PBXVariantGroup section */

/* Begin XCBuildConfiguration section */
		F426B740293F6014004D939C /* Debug */ = {
			isa = XCBuildConfiguration;
			buildSettings = {
				BUNDLE_LOADER = "$(TEST_HOST)";
				CLANG_CXX_LANGUAGE_STANDARD = "gnu++20";
				CODE_SIGN_STYLE = Automatic;
				CURRENT_PROJECT_VERSION = 1;
				DEVELOPMENT_TEAM = UQGXLABK35;
				GENERATE_INFOPLIST_FILE = YES;
				IPHONEOS_DEPLOYMENT_TARGET = 16.1;
				MARKETING_VERSION = 1.0;
				PRODUCT_BUNDLE_IDENTIFIER = com.danalvescc.BankerUnitTests;
				PRODUCT_NAME = "$(TARGET_NAME)";
				SWIFT_EMIT_LOC_STRINGS = NO;
				SWIFT_VERSION = 5.0;
				TARGETED_DEVICE_FAMILY = "1,2";
				TEST_HOST = "$(BUILT_PRODUCTS_DIR)/Banker.app/$(BUNDLE_EXECUTABLE_FOLDER_PATH)/Banker";
			};
			name = Debug;
		};
		F426B741293F6014004D939C /* Release */ = {
			isa = XCBuildConfiguration;
			buildSettings = {
				BUNDLE_LOADER = "$(TEST_HOST)";
				CLANG_CXX_LANGUAGE_STANDARD = "gnu++20";
				CODE_SIGN_STYLE = Automatic;
				CURRENT_PROJECT_VERSION = 1;
				DEVELOPMENT_TEAM = UQGXLABK35;
				GENERATE_INFOPLIST_FILE = YES;
				IPHONEOS_DEPLOYMENT_TARGET = 16.1;
				MARKETING_VERSION = 1.0;
				PRODUCT_BUNDLE_IDENTIFIER = com.danalvescc.BankerUnitTests;
				PRODUCT_NAME = "$(TARGET_NAME)";
				SWIFT_EMIT_LOC_STRINGS = NO;
				SWIFT_VERSION = 5.0;
				TARGETED_DEVICE_FAMILY = "1,2";
				TEST_HOST = "$(BUILT_PRODUCTS_DIR)/Banker.app/$(BUNDLE_EXECUTABLE_FOLDER_PATH)/Banker";
			};
			name = Release;
		};
		F4E32A6B287CF9050002AB0F /* Debug */ = {
			isa = XCBuildConfiguration;
			buildSettings = {
				ALWAYS_SEARCH_USER_PATHS = NO;
				CLANG_ANALYZER_NONNULL = YES;
				CLANG_ANALYZER_NUMBER_OBJECT_CONVERSION = YES_AGGRESSIVE;
				CLANG_CXX_LANGUAGE_STANDARD = "gnu++17";
				CLANG_ENABLE_MODULES = YES;
				CLANG_ENABLE_OBJC_ARC = YES;
				CLANG_ENABLE_OBJC_WEAK = YES;
				CLANG_WARN_BLOCK_CAPTURE_AUTORELEASING = YES;
				CLANG_WARN_BOOL_CONVERSION = YES;
				CLANG_WARN_COMMA = YES;
				CLANG_WARN_CONSTANT_CONVERSION = YES;
				CLANG_WARN_DEPRECATED_OBJC_IMPLEMENTATIONS = YES;
				CLANG_WARN_DIRECT_OBJC_ISA_USAGE = YES_ERROR;
				CLANG_WARN_DOCUMENTATION_COMMENTS = YES;
				CLANG_WARN_EMPTY_BODY = YES;
				CLANG_WARN_ENUM_CONVERSION = YES;
				CLANG_WARN_INFINITE_RECURSION = YES;
				CLANG_WARN_INT_CONVERSION = YES;
				CLANG_WARN_NON_LITERAL_NULL_CONVERSION = YES;
				CLANG_WARN_OBJC_IMPLICIT_RETAIN_SELF = YES;
				CLANG_WARN_OBJC_LITERAL_CONVERSION = YES;
				CLANG_WARN_OBJC_ROOT_CLASS = YES_ERROR;
				CLANG_WARN_QUOTED_INCLUDE_IN_FRAMEWORK_HEADER = YES;
				CLANG_WARN_RANGE_LOOP_ANALYSIS = YES;
				CLANG_WARN_STRICT_PROTOTYPES = YES;
				CLANG_WARN_SUSPICIOUS_MOVE = YES;
				CLANG_WARN_UNGUARDED_AVAILABILITY = YES_AGGRESSIVE;
				CLANG_WARN_UNREACHABLE_CODE = YES;
				CLANG_WARN__DUPLICATE_METHOD_MATCH = YES;
				COPY_PHASE_STRIP = NO;
				DEBUG_INFORMATION_FORMAT = dwarf;
				ENABLE_STRICT_OBJC_MSGSEND = YES;
				ENABLE_TESTABILITY = YES;
				GCC_C_LANGUAGE_STANDARD = gnu11;
				GCC_DYNAMIC_NO_PIC = NO;
				GCC_NO_COMMON_BLOCKS = YES;
				GCC_OPTIMIZATION_LEVEL = 0;
				GCC_PREPROCESSOR_DEFINITIONS = (
					"DEBUG=1",
					"$(inherited)",
				);
				GCC_WARN_64_TO_32_BIT_CONVERSION = YES;
				GCC_WARN_ABOUT_RETURN_TYPE = YES_ERROR;
				GCC_WARN_UNDECLARED_SELECTOR = YES;
				GCC_WARN_UNINITIALIZED_AUTOS = YES_AGGRESSIVE;
				GCC_WARN_UNUSED_FUNCTION = YES;
				GCC_WARN_UNUSED_VARIABLE = YES;
				IPHONEOS_DEPLOYMENT_TARGET = 15.5;
				MTL_ENABLE_DEBUG_INFO = INCLUDE_SOURCE;
				MTL_FAST_MATH = YES;
				ONLY_ACTIVE_ARCH = YES;
				SDKROOT = iphoneos;
				SWIFT_ACTIVE_COMPILATION_CONDITIONS = DEBUG;
				SWIFT_OPTIMIZATION_LEVEL = "-Onone";
			};
			name = Debug;
		};
		F4E32A6C287CF9050002AB0F /* Release */ = {
			isa = XCBuildConfiguration;
			buildSettings = {
				ALWAYS_SEARCH_USER_PATHS = NO;
				CLANG_ANALYZER_NONNULL = YES;
				CLANG_ANALYZER_NUMBER_OBJECT_CONVERSION = YES_AGGRESSIVE;
				CLANG_CXX_LANGUAGE_STANDARD = "gnu++17";
				CLANG_ENABLE_MODULES = YES;
				CLANG_ENABLE_OBJC_ARC = YES;
				CLANG_ENABLE_OBJC_WEAK = YES;
				CLANG_WARN_BLOCK_CAPTURE_AUTORELEASING = YES;
				CLANG_WARN_BOOL_CONVERSION = YES;
				CLANG_WARN_COMMA = YES;
				CLANG_WARN_CONSTANT_CONVERSION = YES;
				CLANG_WARN_DEPRECATED_OBJC_IMPLEMENTATIONS = YES;
				CLANG_WARN_DIRECT_OBJC_ISA_USAGE = YES_ERROR;
				CLANG_WARN_DOCUMENTATION_COMMENTS = YES;
				CLANG_WARN_EMPTY_BODY = YES;
				CLANG_WARN_ENUM_CONVERSION = YES;
				CLANG_WARN_INFINITE_RECURSION = YES;
				CLANG_WARN_INT_CONVERSION = YES;
				CLANG_WARN_NON_LITERAL_NULL_CONVERSION = YES;
				CLANG_WARN_OBJC_IMPLICIT_RETAIN_SELF = YES;
				CLANG_WARN_OBJC_LITERAL_CONVERSION = YES;
				CLANG_WARN_OBJC_ROOT_CLASS = YES_ERROR;
				CLANG_WARN_QUOTED_INCLUDE_IN_FRAMEWORK_HEADER = YES;
				CLANG_WARN_RANGE_LOOP_ANALYSIS = YES;
				CLANG_WARN_STRICT_PROTOTYPES = YES;
				CLANG_WARN_SUSPICIOUS_MOVE = YES;
				CLANG_WARN_UNGUARDED_AVAILABILITY = YES_AGGRESSIVE;
				CLANG_WARN_UNREACHABLE_CODE = YES;
				CLANG_WARN__DUPLICATE_METHOD_MATCH = YES;
				COPY_PHASE_STRIP = NO;
				DEBUG_INFORMATION_FORMAT = "dwarf-with-dsym";
				ENABLE_NS_ASSERTIONS = NO;
				ENABLE_STRICT_OBJC_MSGSEND = YES;
				GCC_C_LANGUAGE_STANDARD = gnu11;
				GCC_NO_COMMON_BLOCKS = YES;
				GCC_WARN_64_TO_32_BIT_CONVERSION = YES;
				GCC_WARN_ABOUT_RETURN_TYPE = YES_ERROR;
				GCC_WARN_UNDECLARED_SELECTOR = YES;
				GCC_WARN_UNINITIALIZED_AUTOS = YES_AGGRESSIVE;
				GCC_WARN_UNUSED_FUNCTION = YES;
				GCC_WARN_UNUSED_VARIABLE = YES;
				IPHONEOS_DEPLOYMENT_TARGET = 15.5;
				MTL_ENABLE_DEBUG_INFO = NO;
				MTL_FAST_MATH = YES;
				SDKROOT = iphoneos;
				SWIFT_COMPILATION_MODE = wholemodule;
				SWIFT_OPTIMIZATION_LEVEL = "-O";
				VALIDATE_PRODUCT = YES;
			};
			name = Release;
		};
		F4E32A6E287CF9050002AB0F /* Debug */ = {
			isa = XCBuildConfiguration;
			buildSettings = {
				ASSETCATALOG_COMPILER_APPICON_NAME = AppIcon;
				ASSETCATALOG_COMPILER_GLOBAL_ACCENT_COLOR_NAME = AccentColor;
				CODE_SIGN_STYLE = Automatic;
				CURRENT_PROJECT_VERSION = 1;
				DEVELOPMENT_TEAM = UQGXLABK35;
				GENERATE_INFOPLIST_FILE = YES;
				INFOPLIST_FILE = Banker/Info.plist;
				INFOPLIST_KEY_UIApplicationSupportsIndirectInputEvents = YES;
				INFOPLIST_KEY_UILaunchStoryboardName = LaunchScreen;
				INFOPLIST_KEY_UISupportedInterfaceOrientations_iPad = "UIInterfaceOrientationPortrait UIInterfaceOrientationPortraitUpsideDown UIInterfaceOrientationLandscapeLeft UIInterfaceOrientationLandscapeRight";
				INFOPLIST_KEY_UISupportedInterfaceOrientations_iPhone = "UIInterfaceOrientationPortrait UIInterfaceOrientationLandscapeLeft UIInterfaceOrientationLandscapeRight";
				LD_RUNPATH_SEARCH_PATHS = (
					"$(inherited)",
					"@executable_path/Frameworks",
				);
				MARKETING_VERSION = 1.0;
				PRODUCT_BUNDLE_IDENTIFIER = com.soudanalves.Banker;
				PRODUCT_NAME = "$(TARGET_NAME)";
				SWIFT_EMIT_LOC_STRINGS = YES;
				SWIFT_VERSION = 5.0;
				TARGETED_DEVICE_FAMILY = "1,2";
			};
			name = Debug;
		};
		F4E32A6F287CF9050002AB0F /* Release */ = {
			isa = XCBuildConfiguration;
			buildSettings = {
				ASSETCATALOG_COMPILER_APPICON_NAME = AppIcon;
				ASSETCATALOG_COMPILER_GLOBAL_ACCENT_COLOR_NAME = AccentColor;
				CODE_SIGN_STYLE = Automatic;
				CURRENT_PROJECT_VERSION = 1;
				DEVELOPMENT_TEAM = UQGXLABK35;
				GENERATE_INFOPLIST_FILE = YES;
				INFOPLIST_FILE = Banker/Info.plist;
				INFOPLIST_KEY_UIApplicationSupportsIndirectInputEvents = YES;
				INFOPLIST_KEY_UILaunchStoryboardName = LaunchScreen;
				INFOPLIST_KEY_UISupportedInterfaceOrientations_iPad = "UIInterfaceOrientationPortrait UIInterfaceOrientationPortraitUpsideDown UIInterfaceOrientationLandscapeLeft UIInterfaceOrientationLandscapeRight";
				INFOPLIST_KEY_UISupportedInterfaceOrientations_iPhone = "UIInterfaceOrientationPortrait UIInterfaceOrientationLandscapeLeft UIInterfaceOrientationLandscapeRight";
				LD_RUNPATH_SEARCH_PATHS = (
					"$(inherited)",
					"@executable_path/Frameworks",
				);
				MARKETING_VERSION = 1.0;
				PRODUCT_BUNDLE_IDENTIFIER = com.soudanalves.Banker;
				PRODUCT_NAME = "$(TARGET_NAME)";
				SWIFT_EMIT_LOC_STRINGS = YES;
				SWIFT_VERSION = 5.0;
				TARGETED_DEVICE_FAMILY = "1,2";
			};
			name = Release;
		};
/* End XCBuildConfiguration section */

/* Begin XCConfigurationList section */
		F426B742293F6014004D939C /* Build configuration list for PBXNativeTarget "BankerUnitTests" */ = {
			isa = XCConfigurationList;
			buildConfigurations = (
				F426B740293F6014004D939C /* Debug */,
				F426B741293F6014004D939C /* Release */,
			);
			defaultConfigurationIsVisible = 0;
			defaultConfigurationName = Release;
		};
		F4E32A3E287CF9040002AB0F /* Build configuration list for PBXProject "Banker" */ = {
			isa = XCConfigurationList;
			buildConfigurations = (
				F4E32A6B287CF9050002AB0F /* Debug */,
				F4E32A6C287CF9050002AB0F /* Release */,
			);
			defaultConfigurationIsVisible = 0;
			defaultConfigurationName = Release;
		};
		F4E32A6D287CF9050002AB0F /* Build configuration list for PBXNativeTarget "Banker" */ = {
			isa = XCConfigurationList;
			buildConfigurations = (
				F4E32A6E287CF9050002AB0F /* Debug */,
				F4E32A6F287CF9050002AB0F /* Release */,
			);
			defaultConfigurationIsVisible = 0;
			defaultConfigurationName = Release;
		};
/* End XCConfigurationList section */
	};
	rootObject = F4E32A3B287CF9040002AB0F /* Project object */;
}
