// !$*UTF8*$!
{
	archiveVersion = 1;
	classes = {
	};
	objectVersion = 55;
	objects = {

/* Begin PBXBuildFile section */
		F440C92B2924384E00411D0B /* AccountSummaryViewController.swift in Sources */ = {isa = PBXBuildFile; fileRef = F440C92A2924384E00411D0B /* AccountSummaryViewController.swift */; };
		F442504D287CFD9B00003818 /* LoginView.swift in Sources */ = {isa = PBXBuildFile; fileRef = F442504C287CFD9B00003818 /* LoginView.swift */; };
		F4536B08291B1C20000BF752 /* LocalState.swift in Sources */ = {isa = PBXBuildFile; fileRef = F4536B07291B1C20000BF752 /* LocalState.swift */; };
		F4536B0B291C8A9D000BF752 /* MainViewController.swift in Sources */ = {isa = PBXBuildFile; fileRef = F4536B0A291C8A9D000BF752 /* MainViewController.swift */; };
		F4536B0D291C8BE5000BF752 /* UIViewController+Utils.swift in Sources */ = {isa = PBXBuildFile; fileRef = F4536B0C291C8BE5000BF752 /* UIViewController+Utils.swift */; };
		F47283D02915572A009333B0 /* OnboardingViewController.swift in Sources */ = {isa = PBXBuildFile; fileRef = F47283CF2915572A009333B0 /* OnboardingViewController.swift */; };
		F4E32A47287CF9040002AB0F /* AppDelegate.swift in Sources */ = {isa = PBXBuildFile; fileRef = F4E32A46287CF9040002AB0F /* AppDelegate.swift */; };
		F4E32A4B287CF9040002AB0F /* LoginViewController.swift in Sources */ = {isa = PBXBuildFile; fileRef = F4E32A4A287CF9040002AB0F /* LoginViewController.swift */; };
		F4E32A50287CF9050002AB0F /* Assets.xcassets in Resources */ = {isa = PBXBuildFile; fileRef = F4E32A4F287CF9050002AB0F /* Assets.xcassets */; };
		F4E32A53287CF9050002AB0F /* LaunchScreen.storyboard in Resources */ = {isa = PBXBuildFile; fileRef = F4E32A51287CF9050002AB0F /* LaunchScreen.storyboard */; };
		F4E32A5E287CF9050002AB0F /* BankerTests.swift in Sources */ = {isa = PBXBuildFile; fileRef = F4E32A5D287CF9050002AB0F /* BankerTests.swift */; };
		F4E32A68287CF9050002AB0F /* BankerUITests.swift in Sources */ = {isa = PBXBuildFile; fileRef = F4E32A67287CF9050002AB0F /* BankerUITests.swift */; };
		F4E32A6A287CF9050002AB0F /* BankerUITestsLaunchTests.swift in Sources */ = {isa = PBXBuildFile; fileRef = F4E32A69287CF9050002AB0F /* BankerUITestsLaunchTests.swift */; };
		F4F0C89528AC47B00083CEF4 /* OnboardingContainerViewController.swift in Sources */ = {isa = PBXBuildFile; fileRef = F4F0C89428AC47B00083CEF4 /* OnboardingContainerViewController.swift */; };
/* End PBXBuildFile section */

/* Begin PBXContainerItemProxy section */
		F4E32A5A287CF9050002AB0F /* PBXContainerItemProxy */ = {
			isa = PBXContainerItemProxy;
			containerPortal = F4E32A3B287CF9040002AB0F /* Project object */;
			proxyType = 1;
			remoteGlobalIDString = F4E32A42287CF9040002AB0F;
			remoteInfo = Banker;
		};
		F4E32A64287CF9050002AB0F /* PBXContainerItemProxy */ = {
			isa = PBXContainerItemProxy;
			containerPortal = F4E32A3B287CF9040002AB0F /* Project object */;
			proxyType = 1;
			remoteGlobalIDString = F4E32A42287CF9040002AB0F;
			remoteInfo = Banker;
		};
/* End PBXContainerItemProxy section */

/* Begin PBXFileReference section */
		F440C92A2924384E00411D0B /* AccountSummaryViewController.swift */ = {isa = PBXFileReference; lastKnownFileType = sourcecode.swift; path = AccountSummaryViewController.swift; sourceTree = "<group>"; };
		F442504C287CFD9B00003818 /* LoginView.swift */ = {isa = PBXFileReference; lastKnownFileType = sourcecode.swift; path = LoginView.swift; sourceTree = "<group>"; };
		F4536B07291B1C20000BF752 /* LocalState.swift */ = {isa = PBXFileReference; lastKnownFileType = sourcecode.swift; path = LocalState.swift; sourceTree = "<group>"; };
		F4536B0A291C8A9D000BF752 /* MainViewController.swift */ = {isa = PBXFileReference; lastKnownFileType = sourcecode.swift; path = MainViewController.swift; sourceTree = "<group>"; };
		F4536B0C291C8BE5000BF752 /* UIViewController+Utils.swift */ = {isa = PBXFileReference; lastKnownFileType = sourcecode.swift; path = "UIViewController+Utils.swift"; sourceTree = "<group>"; };
		F47283CF2915572A009333B0 /* OnboardingViewController.swift */ = {isa = PBXFileReference; lastKnownFileType = sourcecode.swift; path = OnboardingViewController.swift; sourceTree = "<group>"; };
		F4E32A43287CF9040002AB0F /* Banker.app */ = {isa = PBXFileReference; explicitFileType = wrapper.application; includeInIndex = 0; path = Banker.app; sourceTree = BUILT_PRODUCTS_DIR; };
		F4E32A46287CF9040002AB0F /* AppDelegate.swift */ = {isa = PBXFileReference; lastKnownFileType = sourcecode.swift; path = AppDelegate.swift; sourceTree = "<group>"; };
		F4E32A4A287CF9040002AB0F /* LoginViewController.swift */ = {isa = PBXFileReference; lastKnownFileType = sourcecode.swift; path = LoginViewController.swift; sourceTree = "<group>"; };
		F4E32A4F287CF9050002AB0F /* Assets.xcassets */ = {isa = PBXFileReference; lastKnownFileType = folder.assetcatalog; path = Assets.xcassets; sourceTree = "<group>"; };
		F4E32A52287CF9050002AB0F /* Base */ = {isa = PBXFileReference; lastKnownFileType = file.storyboard; name = Base; path = Base.lproj/LaunchScreen.storyboard; sourceTree = "<group>"; };
		F4E32A54287CF9050002AB0F /* Info.plist */ = {isa = PBXFileReference; lastKnownFileType = text.plist.xml; path = Info.plist; sourceTree = "<group>"; };
		F4E32A59287CF9050002AB0F /* BankerTests.xctest */ = {isa = PBXFileReference; explicitFileType = wrapper.cfbundle; includeInIndex = 0; path = BankerTests.xctest; sourceTree = BUILT_PRODUCTS_DIR; };
		F4E32A5D287CF9050002AB0F /* BankerTests.swift */ = {isa = PBXFileReference; lastKnownFileType = sourcecode.swift; path = BankerTests.swift; sourceTree = "<group>"; };
		F4E32A63287CF9050002AB0F /* BankerUITests.xctest */ = {isa = PBXFileReference; explicitFileType = wrapper.cfbundle; includeInIndex = 0; path = BankerUITests.xctest; sourceTree = BUILT_PRODUCTS_DIR; };
		F4E32A67287CF9050002AB0F /* BankerUITests.swift */ = {isa = PBXFileReference; lastKnownFileType = sourcecode.swift; path = BankerUITests.swift; sourceTree = "<group>"; };
		F4E32A69287CF9050002AB0F /* BankerUITestsLaunchTests.swift */ = {isa = PBXFileReference; lastKnownFileType = sourcecode.swift; path = BankerUITestsLaunchTests.swift; sourceTree = "<group>"; };
		F4F0C89428AC47B00083CEF4 /* OnboardingContainerViewController.swift */ = {isa = PBXFileReference; lastKnownFileType = sourcecode.swift; path = OnboardingContainerViewController.swift; sourceTree = "<group>"; };
/* End PBXFileReference section */

/* Begin PBXFrameworksBuildPhase section */
		F4E32A40287CF9040002AB0F /* Frameworks */ = {
			isa = PBXFrameworksBuildPhase;
			buildActionMask = 2147483647;
			files = (
			);
			runOnlyForDeploymentPostprocessing = 0;
		};
		F4E32A56287CF9050002AB0F /* Frameworks */ = {
			isa = PBXFrameworksBuildPhase;
			buildActionMask = 2147483647;
			files = (
			);
			runOnlyForDeploymentPostprocessing = 0;
		};
		F4E32A60287CF9050002AB0F /* Frameworks */ = {
			isa = PBXFrameworksBuildPhase;
			buildActionMask = 2147483647;
			files = (
			);
			runOnlyForDeploymentPostprocessing = 0;
		};
/* End PBXFrameworksBuildPhase section */

/* Begin PBXGroup section */
		F440C9292924382800411D0B /* AccountSummary */ = {
			isa = PBXGroup;
			children = (
				F440C92A2924384E00411D0B /* AccountSummaryViewController.swift */,
			);
			path = AccountSummary;
			sourceTree = "<group>";
		};
		F442504A287CFD0000003818 /* Files */ = {
			isa = PBXGroup;
			children = (
				F4E32A4F287CF9050002AB0F /* Assets.xcassets */,
				F4E32A51287CF9050002AB0F /* LaunchScreen.storyboard */,
				F4E32A54287CF9050002AB0F /* Info.plist */,
			);
			name = Files;
			sourceTree = "<group>";
		};
		F442504B287CFD6F00003818 /* Login */ = {
			isa = PBXGroup;
			children = (
				F4E32A4A287CF9040002AB0F /* LoginViewController.swift */,
				F442504C287CFD9B00003818 /* LoginView.swift */,
			);
			path = Login;
			sourceTree = "<group>";
		};
		F4536B06291B1C12000BF752 /* Util */ = {
			isa = PBXGroup;
			children = (
				F4536B07291B1C20000BF752 /* LocalState.swift */,
				F4536B0C291C8BE5000BF752 /* UIViewController+Utils.swift */,
			);
			path = Util;
			sourceTree = "<group>";
		};
		F4536B09291C8A8F000BF752 /* Main */ = {
			isa = PBXGroup;
			children = (
				F4536B0A291C8A9D000BF752 /* MainViewController.swift */,
			);
			path = Main;
			sourceTree = "<group>";
		};
		F4E32A3A287CF9040002AB0F = {
			isa = PBXGroup;
			children = (
				F4E32A45287CF9040002AB0F /* Banker */,
				F4E32A5C287CF9050002AB0F /* BankerTests */,
				F4E32A66287CF9050002AB0F /* BankerUITests */,
				F4E32A44287CF9040002AB0F /* Products */,
			);
			sourceTree = "<group>";
		};
		F4E32A44287CF9040002AB0F /* Products */ = {
			isa = PBXGroup;
			children = (
				F4E32A43287CF9040002AB0F /* Banker.app */,
				F4E32A59287CF9050002AB0F /* BankerTests.xctest */,
				F4E32A63287CF9050002AB0F /* BankerUITests.xctest */,
			);
			name = Products;
			sourceTree = "<group>";
		};
		F4E32A45287CF9040002AB0F /* Banker */ = {
			isa = PBXGroup;
			children = (
				F440C9292924382800411D0B /* AccountSummary */,
				F4E32A46287CF9040002AB0F /* AppDelegate.swift */,
				F4536B09291C8A8F000BF752 /* Main */,
				F4F0C89328AC47A50083CEF4 /* Onboarding */,
				F442504B287CFD6F00003818 /* Login */,
				F4536B06291B1C12000BF752 /* Util */,
				F442504A287CFD0000003818 /* Files */,
			);
			path = Banker;
			sourceTree = "<group>";
		};
		F4E32A5C287CF9050002AB0F /* BankerTests */ = {
			isa = PBXGroup;
			children = (
				F4E32A5D287CF9050002AB0F /* BankerTests.swift */,
			);
			path = BankerTests;
			sourceTree = "<group>";
		};
		F4E32A66287CF9050002AB0F /* BankerUITests */ = {
			isa = PBXGroup;
			children = (
				F4E32A67287CF9050002AB0F /* BankerUITests.swift */,
				F4E32A69287CF9050002AB0F /* BankerUITestsLaunchTests.swift */,
			);
			path = BankerUITests;
			sourceTree = "<group>";
		};
		F4F0C89328AC47A50083CEF4 /* Onboarding */ = {
			isa = PBXGroup;
			children = (
				F4F0C89428AC47B00083CEF4 /* OnboardingContainerViewController.swift */,
				F47283CF2915572A009333B0 /* OnboardingViewController.swift */,
			);
			path = Onboarding;
			sourceTree = "<group>";
		};
/* End PBXGroup section */

/* Begin PBXNativeTarget section */
		F4E32A42287CF9040002AB0F /* Banker */ = {
			isa = PBXNativeTarget;
			buildConfigurationList = F4E32A6D287CF9050002AB0F /* Build configuration list for PBXNativeTarget "Banker" */;
			buildPhases = (
				F4E32A3F287CF9040002AB0F /* Sources */,
				F4E32A40287CF9040002AB0F /* Frameworks */,
				F4E32A41287CF9040002AB0F /* Resources */,
			);
			buildRules = (
			);
			dependencies = (
			);
			name = Banker;
			productName = Banker;
			productReference = F4E32A43287CF9040002AB0F /* Banker.app */;
			productType = "com.apple.product-type.application";
		};
		F4E32A58287CF9050002AB0F /* BankerTests */ = {
			isa = PBXNativeTarget;
			buildConfigurationList = F4E32A70287CF9050002AB0F /* Build configuration list for PBXNativeTarget "BankerTests" */;
			buildPhases = (
				F4E32A55287CF9050002AB0F /* Sources */,
				F4E32A56287CF9050002AB0F /* Frameworks */,
				F4E32A57287CF9050002AB0F /* Resources */,
			);
			buildRules = (
			);
			dependencies = (
				F4E32A5B287CF9050002AB0F /* PBXTargetDependency */,
			);
			name = BankerTests;
			productName = BankerTests;
			productReference = F4E32A59287CF9050002AB0F /* BankerTests.xctest */;
			productType = "com.apple.product-type.bundle.unit-test";
		};
		F4E32A62287CF9050002AB0F /* BankerUITests */ = {
			isa = PBXNativeTarget;
			buildConfigurationList = F4E32A73287CF9050002AB0F /* Build configuration list for PBXNativeTarget "BankerUITests" */;
			buildPhases = (
				F4E32A5F287CF9050002AB0F /* Sources */,
				F4E32A60287CF9050002AB0F /* Frameworks */,
				F4E32A61287CF9050002AB0F /* Resources */,
			);
			buildRules = (
			);
			dependencies = (
				F4E32A65287CF9050002AB0F /* PBXTargetDependency */,
			);
			name = BankerUITests;
			productName = BankerUITests;
			productReference = F4E32A63287CF9050002AB0F /* BankerUITests.xctest */;
			productType = "com.apple.product-type.bundle.ui-testing";
		};
/* End PBXNativeTarget section */

/* Begin PBXProject section */
		F4E32A3B287CF9040002AB0F /* Project object */ = {
			isa = PBXProject;
			attributes = {
				BuildIndependentTargetsInParallel = 1;
				LastSwiftUpdateCheck = 1340;
				LastUpgradeCheck = 1340;
				TargetAttributes = {
					F4E32A42287CF9040002AB0F = {
						CreatedOnToolsVersion = 13.4.1;
					};
					F4E32A58287CF9050002AB0F = {
						CreatedOnToolsVersion = 13.4.1;
						TestTargetID = F4E32A42287CF9040002AB0F;
					};
					F4E32A62287CF9050002AB0F = {
						CreatedOnToolsVersion = 13.4.1;
						TestTargetID = F4E32A42287CF9040002AB0F;
					};
				};
			};
			buildConfigurationList = F4E32A3E287CF9040002AB0F /* Build configuration list for PBXProject "Banker" */;
			compatibilityVersion = "Xcode 13.0";
			developmentRegion = en;
			hasScannedForEncodings = 0;
			knownRegions = (
				en,
				Base,
			);
			mainGroup = F4E32A3A287CF9040002AB0F;
			productRefGroup = F4E32A44287CF9040002AB0F /* Products */;
			projectDirPath = "";
			projectRoot = "";
			targets = (
				F4E32A42287CF9040002AB0F /* Banker */,
				F4E32A58287CF9050002AB0F /* BankerTests */,
				F4E32A62287CF9050002AB0F /* BankerUITests */,
			);
		};
/* End PBXProject section */

/* Begin PBXResourcesBuildPhase section */
		F4E32A41287CF9040002AB0F /* Resources */ = {
			isa = PBXResourcesBuildPhase;
			buildActionMask = 2147483647;
			files = (
				F4E32A53287CF9050002AB0F /* LaunchScreen.storyboard in Resources */,
				F4E32A50287CF9050002AB0F /* Assets.xcassets in Resources */,
			);
			runOnlyForDeploymentPostprocessing = 0;
		};
		F4E32A57287CF9050002AB0F /* Resources */ = {
			isa = PBXResourcesBuildPhase;
			buildActionMask = 2147483647;
			files = (
			);
			runOnlyForDeploymentPostprocessing = 0;
		};
		F4E32A61287CF9050002AB0F /* Resources */ = {
			isa = PBXResourcesBuildPhase;
			buildActionMask = 2147483647;
			files = (
			);
			runOnlyForDeploymentPostprocessing = 0;
		};
/* End PBXResourcesBuildPhase section */

/* Begin PBXSourcesBuildPhase section */
		F4E32A3F287CF9040002AB0F /* Sources */ = {
			isa = PBXSourcesBuildPhase;
			buildActionMask = 2147483647;
			files = (
				F4536B0D291C8BE5000BF752 /* UIViewController+Utils.swift in Sources */,
				F442504D287CFD9B00003818 /* LoginView.swift in Sources */,
				F4536B08291B1C20000BF752 /* LocalState.swift in Sources */,
				F4F0C89528AC47B00083CEF4 /* OnboardingContainerViewController.swift in Sources */,
				F47283D02915572A009333B0 /* OnboardingViewController.swift in Sources */,
				F4536B0B291C8A9D000BF752 /* MainViewController.swift in Sources */,
				F4E32A4B287CF9040002AB0F /* LoginViewController.swift in Sources */,
				F4E32A47287CF9040002AB0F /* AppDelegate.swift in Sources */,
				F440C92B2924384E00411D0B /* AccountSummaryViewController.swift in Sources */,
			);
			runOnlyForDeploymentPostprocessing = 0;
		};
		F4E32A55287CF9050002AB0F /* Sources */ = {
			isa = PBXSourcesBuildPhase;
			buildActionMask = 2147483647;
			files = (
				F4E32A5E287CF9050002AB0F /* BankerTests.swift in Sources */,
			);
			runOnlyForDeploymentPostprocessing = 0;
		};
		F4E32A5F287CF9050002AB0F /* Sources */ = {
			isa = PBXSourcesBuildPhase;
			buildActionMask = 2147483647;
			files = (
				F4E32A68287CF9050002AB0F /* BankerUITests.swift in Sources */,
				F4E32A6A287CF9050002AB0F /* BankerUITestsLaunchTests.swift in Sources */,
			);
			runOnlyForDeploymentPostprocessing = 0;
		};
/* End PBXSourcesBuildPhase section */

/* Begin PBXTargetDependency section */
		F4E32A5B287CF9050002AB0F /* PBXTargetDependency */ = {
			isa = PBXTargetDependency;
			target = F4E32A42287CF9040002AB0F /* Banker */;
			targetProxy = F4E32A5A287CF9050002AB0F /* PBXContainerItemProxy */;
		};
		F4E32A65287CF9050002AB0F /* PBXTargetDependency */ = {
			isa = PBXTargetDependency;
			target = F4E32A42287CF9040002AB0F /* Banker */;
			targetProxy = F4E32A64287CF9050002AB0F /* PBXContainerItemProxy */;
		};
/* End PBXTargetDependency section */

/* Begin PBXVariantGroup section */
		F4E32A51287CF9050002AB0F /* LaunchScreen.storyboard */ = {
			isa = PBXVariantGroup;
			children = (
				F4E32A52287CF9050002AB0F /* Base */,
			);
			name = LaunchScreen.storyboard;
			sourceTree = "<group>";
		};
/* End PBXVariantGroup section */

/* Begin XCBuildConfiguration section */
		F4E32A6B287CF9050002AB0F /* Debug */ = {
			isa = XCBuildConfiguration;
			buildSettings = {
				ALWAYS_SEARCH_USER_PATHS = NO;
				CLANG_ANALYZER_NONNULL = YES;
				CLANG_ANALYZER_NUMBER_OBJECT_CONVERSION = YES_AGGRESSIVE;
				CLANG_CXX_LANGUAGE_STANDARD = "gnu++17";
				CLANG_ENABLE_MODULES = YES;
				CLANG_ENABLE_OBJC_ARC = YES;
				CLANG_ENABLE_OBJC_WEAK = YES;
				CLANG_WARN_BLOCK_CAPTURE_AUTORELEASING = YES;
				CLANG_WARN_BOOL_CONVERSION = YES;
				CLANG_WARN_COMMA = YES;
				CLANG_WARN_CONSTANT_CONVERSION = YES;
				CLANG_WARN_DEPRECATED_OBJC_IMPLEMENTATIONS = YES;
				CLANG_WARN_DIRECT_OBJC_ISA_USAGE = YES_ERROR;
				CLANG_WARN_DOCUMENTATION_COMMENTS = YES;
				CLANG_WARN_EMPTY_BODY = YES;
				CLANG_WARN_ENUM_CONVERSION = YES;
				CLANG_WARN_INFINITE_RECURSION = YES;
				CLANG_WARN_INT_CONVERSION = YES;
				CLANG_WARN_NON_LITERAL_NULL_CONVERSION = YES;
				CLANG_WARN_OBJC_IMPLICIT_RETAIN_SELF = YES;
				CLANG_WARN_OBJC_LITERAL_CONVERSION = YES;
				CLANG_WARN_OBJC_ROOT_CLASS = YES_ERROR;
				CLANG_WARN_QUOTED_INCLUDE_IN_FRAMEWORK_HEADER = YES;
				CLANG_WARN_RANGE_LOOP_ANALYSIS = YES;
				CLANG_WARN_STRICT_PROTOTYPES = YES;
				CLANG_WARN_SUSPICIOUS_MOVE = YES;
				CLANG_WARN_UNGUARDED_AVAILABILITY = YES_AGGRESSIVE;
				CLANG_WARN_UNREACHABLE_CODE = YES;
				CLANG_WARN__DUPLICATE_METHOD_MATCH = YES;
				COPY_PHASE_STRIP = NO;
				DEBUG_INFORMATION_FORMAT = dwarf;
				ENABLE_STRICT_OBJC_MSGSEND = YES;
				ENABLE_TESTABILITY = YES;
				GCC_C_LANGUAGE_STANDARD = gnu11;
				GCC_DYNAMIC_NO_PIC = NO;
				GCC_NO_COMMON_BLOCKS = YES;
				GCC_OPTIMIZATION_LEVEL = 0;
				GCC_PREPROCESSOR_DEFINITIONS = (
					"DEBUG=1",
					"$(inherited)",
				);
				GCC_WARN_64_TO_32_BIT_CONVERSION = YES;
				GCC_WARN_ABOUT_RETURN_TYPE = YES_ERROR;
				GCC_WARN_UNDECLARED_SELECTOR = YES;
				GCC_WARN_UNINITIALIZED_AUTOS = YES_AGGRESSIVE;
				GCC_WARN_UNUSED_FUNCTION = YES;
				GCC_WARN_UNUSED_VARIABLE = YES;
				IPHONEOS_DEPLOYMENT_TARGET = 15.5;
				MTL_ENABLE_DEBUG_INFO = INCLUDE_SOURCE;
				MTL_FAST_MATH = YES;
				ONLY_ACTIVE_ARCH = YES;
				SDKROOT = iphoneos;
				SWIFT_ACTIVE_COMPILATION_CONDITIONS = DEBUG;
				SWIFT_OPTIMIZATION_LEVEL = "-Onone";
			};
			name = Debug;
		};
		F4E32A6C287CF9050002AB0F /* Release */ = {
			isa = XCBuildConfiguration;
			buildSettings = {
				ALWAYS_SEARCH_USER_PATHS = NO;
				CLANG_ANALYZER_NONNULL = YES;
				CLANG_ANALYZER_NUMBER_OBJECT_CONVERSION = YES_AGGRESSIVE;
				CLANG_CXX_LANGUAGE_STANDARD = "gnu++17";
				CLANG_ENABLE_MODULES = YES;
				CLANG_ENABLE_OBJC_ARC = YES;
				CLANG_ENABLE_OBJC_WEAK = YES;
				CLANG_WARN_BLOCK_CAPTURE_AUTORELEASING = YES;
				CLANG_WARN_BOOL_CONVERSION = YES;
				CLANG_WARN_COMMA = YES;
				CLANG_WARN_CONSTANT_CONVERSION = YES;
				CLANG_WARN_DEPRECATED_OBJC_IMPLEMENTATIONS = YES;
				CLANG_WARN_DIRECT_OBJC_ISA_USAGE = YES_ERROR;
				CLANG_WARN_DOCUMENTATION_COMMENTS = YES;
				CLANG_WARN_EMPTY_BODY = YES;
				CLANG_WARN_ENUM_CONVERSION = YES;
				CLANG_WARN_INFINITE_RECURSION = YES;
				CLANG_WARN_INT_CONVERSION = YES;
				CLANG_WARN_NON_LITERAL_NULL_CONVERSION = YES;
				CLANG_WARN_OBJC_IMPLICIT_RETAIN_SELF = YES;
				CLANG_WARN_OBJC_LITERAL_CONVERSION = YES;
				CLANG_WARN_OBJC_ROOT_CLASS = YES_ERROR;
				CLANG_WARN_QUOTED_INCLUDE_IN_FRAMEWORK_HEADER = YES;
				CLANG_WARN_RANGE_LOOP_ANALYSIS = YES;
				CLANG_WARN_STRICT_PROTOTYPES = YES;
				CLANG_WARN_SUSPICIOUS_MOVE = YES;
				CLANG_WARN_UNGUARDED_AVAILABILITY = YES_AGGRESSIVE;
				CLANG_WARN_UNREACHABLE_CODE = YES;
				CLANG_WARN__DUPLICATE_METHOD_MATCH = YES;
				COPY_PHASE_STRIP = NO;
				DEBUG_INFORMATION_FORMAT = "dwarf-with-dsym";
				ENABLE_NS_ASSERTIONS = NO;
				ENABLE_STRICT_OBJC_MSGSEND = YES;
				GCC_C_LANGUAGE_STANDARD = gnu11;
				GCC_NO_COMMON_BLOCKS = YES;
				GCC_WARN_64_TO_32_BIT_CONVERSION = YES;
				GCC_WARN_ABOUT_RETURN_TYPE = YES_ERROR;
				GCC_WARN_UNDECLARED_SELECTOR = YES;
				GCC_WARN_UNINITIALIZED_AUTOS = YES_AGGRESSIVE;
				GCC_WARN_UNUSED_FUNCTION = YES;
				GCC_WARN_UNUSED_VARIABLE = YES;
				IPHONEOS_DEPLOYMENT_TARGET = 15.5;
				MTL_ENABLE_DEBUG_INFO = NO;
				MTL_FAST_MATH = YES;
				SDKROOT = iphoneos;
				SWIFT_COMPILATION_MODE = wholemodule;
				SWIFT_OPTIMIZATION_LEVEL = "-O";
				VALIDATE_PRODUCT = YES;
			};
			name = Release;
		};
		F4E32A6E287CF9050002AB0F /* Debug */ = {
			isa = XCBuildConfiguration;
			buildSettings = {
				ASSETCATALOG_COMPILER_APPICON_NAME = AppIcon;
				ASSETCATALOG_COMPILER_GLOBAL_ACCENT_COLOR_NAME = AccentColor;
				CODE_SIGN_STYLE = Automatic;
				CURRENT_PROJECT_VERSION = 1;
				DEVELOPMENT_TEAM = UQGXLABK35;
				GENERATE_INFOPLIST_FILE = YES;
				INFOPLIST_FILE = Banker/Info.plist;
				INFOPLIST_KEY_UIApplicationSupportsIndirectInputEvents = YES;
				INFOPLIST_KEY_UILaunchStoryboardName = LaunchScreen;
				INFOPLIST_KEY_UISupportedInterfaceOrientations_iPad = "UIInterfaceOrientationPortrait UIInterfaceOrientationPortraitUpsideDown UIInterfaceOrientationLandscapeLeft UIInterfaceOrientationLandscapeRight";
				INFOPLIST_KEY_UISupportedInterfaceOrientations_iPhone = "UIInterfaceOrientationPortrait UIInterfaceOrientationLandscapeLeft UIInterfaceOrientationLandscapeRight";
				LD_RUNPATH_SEARCH_PATHS = (
					"$(inherited)",
					"@executable_path/Frameworks",
				);
				MARKETING_VERSION = 1.0;
				PRODUCT_BUNDLE_IDENTIFIER = com.soudanalves.Banker;
				PRODUCT_NAME = "$(TARGET_NAME)";
				SWIFT_EMIT_LOC_STRINGS = YES;
				SWIFT_VERSION = 5.0;
				TARGETED_DEVICE_FAMILY = "1,2";
			};
			name = Debug;
		};
		F4E32A6F287CF9050002AB0F /* Release */ = {
			isa = XCBuildConfiguration;
			buildSettings = {
				ASSETCATALOG_COMPILER_APPICON_NAME = AppIcon;
				ASSETCATALOG_COMPILER_GLOBAL_ACCENT_COLOR_NAME = AccentColor;
				CODE_SIGN_STYLE = Automatic;
				CURRENT_PROJECT_VERSION = 1;
				DEVELOPMENT_TEAM = UQGXLABK35;
				GENERATE_INFOPLIST_FILE = YES;
				INFOPLIST_FILE = Banker/Info.plist;
				INFOPLIST_KEY_UIApplicationSupportsIndirectInputEvents = YES;
				INFOPLIST_KEY_UILaunchStoryboardName = LaunchScreen;
				INFOPLIST_KEY_UISupportedInterfaceOrientations_iPad = "UIInterfaceOrientationPortrait UIInterfaceOrientationPortraitUpsideDown UIInterfaceOrientationLandscapeLeft UIInterfaceOrientationLandscapeRight";
				INFOPLIST_KEY_UISupportedInterfaceOrientations_iPhone = "UIInterfaceOrientationPortrait UIInterfaceOrientationLandscapeLeft UIInterfaceOrientationLandscapeRight";
				LD_RUNPATH_SEARCH_PATHS = (
					"$(inherited)",
					"@executable_path/Frameworks",
				);
				MARKETING_VERSION = 1.0;
				PRODUCT_BUNDLE_IDENTIFIER = com.soudanalves.Banker;
				PRODUCT_NAME = "$(TARGET_NAME)";
				SWIFT_EMIT_LOC_STRINGS = YES;
				SWIFT_VERSION = 5.0;
				TARGETED_DEVICE_FAMILY = "1,2";
			};
			name = Release;
		};
		F4E32A71287CF9050002AB0F /* Debug */ = {
			isa = XCBuildConfiguration;
			buildSettings = {
				ALWAYS_EMBED_SWIFT_STANDARD_LIBRARIES = YES;
				BUNDLE_LOADER = "$(TEST_HOST)";
				CODE_SIGN_STYLE = Automatic;
				CURRENT_PROJECT_VERSION = 1;
				DEVELOPMENT_TEAM = UQGXLABK35;
				GENERATE_INFOPLIST_FILE = YES;
				IPHONEOS_DEPLOYMENT_TARGET = 15.5;
				MARKETING_VERSION = 1.0;
				PRODUCT_BUNDLE_IDENTIFIER = com.soudanalves.BankerTests;
				PRODUCT_NAME = "$(TARGET_NAME)";
				SWIFT_EMIT_LOC_STRINGS = NO;
				SWIFT_VERSION = 5.0;
				TARGETED_DEVICE_FAMILY = "1,2";
				TEST_HOST = "$(BUILT_PRODUCTS_DIR)/Banker.app/Banker";
			};
			name = Debug;
		};
		F4E32A72287CF9050002AB0F /* Release */ = {
			isa = XCBuildConfiguration;
			buildSettings = {
				ALWAYS_EMBED_SWIFT_STANDARD_LIBRARIES = YES;
				BUNDLE_LOADER = "$(TEST_HOST)";
				CODE_SIGN_STYLE = Automatic;
				CURRENT_PROJECT_VERSION = 1;
				DEVELOPMENT_TEAM = UQGXLABK35;
				GENERATE_INFOPLIST_FILE = YES;
				IPHONEOS_DEPLOYMENT_TARGET = 15.5;
				MARKETING_VERSION = 1.0;
				PRODUCT_BUNDLE_IDENTIFIER = com.soudanalves.BankerTests;
				PRODUCT_NAME = "$(TARGET_NAME)";
				SWIFT_EMIT_LOC_STRINGS = NO;
				SWIFT_VERSION = 5.0;
				TARGETED_DEVICE_FAMILY = "1,2";
				TEST_HOST = "$(BUILT_PRODUCTS_DIR)/Banker.app/Banker";
			};
			name = Release;
		};
		F4E32A74287CF9050002AB0F /* Debug */ = {
			isa = XCBuildConfiguration;
			buildSettings = {
				ALWAYS_EMBED_SWIFT_STANDARD_LIBRARIES = YES;
				CODE_SIGN_STYLE = Automatic;
				CURRENT_PROJECT_VERSION = 1;
				DEVELOPMENT_TEAM = UQGXLABK35;
				GENERATE_INFOPLIST_FILE = YES;
				MARKETING_VERSION = 1.0;
				PRODUCT_BUNDLE_IDENTIFIER = com.soudanalves.BankerUITests;
				PRODUCT_NAME = "$(TARGET_NAME)";
				SWIFT_EMIT_LOC_STRINGS = NO;
				SWIFT_VERSION = 5.0;
				TARGETED_DEVICE_FAMILY = "1,2";
				TEST_TARGET_NAME = Banker;
			};
			name = Debug;
		};
		F4E32A75287CF9050002AB0F /* Release */ = {
			isa = XCBuildConfiguration;
			buildSettings = {
				ALWAYS_EMBED_SWIFT_STANDARD_LIBRARIES = YES;
				CODE_SIGN_STYLE = Automatic;
				CURRENT_PROJECT_VERSION = 1;
				DEVELOPMENT_TEAM = UQGXLABK35;
				GENERATE_INFOPLIST_FILE = YES;
				MARKETING_VERSION = 1.0;
				PRODUCT_BUNDLE_IDENTIFIER = com.soudanalves.BankerUITests;
				PRODUCT_NAME = "$(TARGET_NAME)";
				SWIFT_EMIT_LOC_STRINGS = NO;
				SWIFT_VERSION = 5.0;
				TARGETED_DEVICE_FAMILY = "1,2";
				TEST_TARGET_NAME = Banker;
			};
			name = Release;
		};
/* End XCBuildConfiguration section */

/* Begin XCConfigurationList section */
		F4E32A3E287CF9040002AB0F /* Build configuration list for PBXProject "Banker" */ = {
			isa = XCConfigurationList;
			buildConfigurations = (
				F4E32A6B287CF9050002AB0F /* Debug */,
				F4E32A6C287CF9050002AB0F /* Release */,
			);
			defaultConfigurationIsVisible = 0;
			defaultConfigurationName = Release;
		};
		F4E32A6D287CF9050002AB0F /* Build configuration list for PBXNativeTarget "Banker" */ = {
			isa = XCConfigurationList;
			buildConfigurations = (
				F4E32A6E287CF9050002AB0F /* Debug */,
				F4E32A6F287CF9050002AB0F /* Release */,
			);
			defaultConfigurationIsVisible = 0;
			defaultConfigurationName = Release;
		};
		F4E32A70287CF9050002AB0F /* Build configuration list for PBXNativeTarget "BankerTests" */ = {
			isa = XCConfigurationList;
			buildConfigurations = (
				F4E32A71287CF9050002AB0F /* Debug */,
				F4E32A72287CF9050002AB0F /* Release */,
			);
			defaultConfigurationIsVisible = 0;
			defaultConfigurationName = Release;
		};
		F4E32A73287CF9050002AB0F /* Build configuration list for PBXNativeTarget "BankerUITests" */ = {
			isa = XCConfigurationList;
			buildConfigurations = (
				F4E32A74287CF9050002AB0F /* Debug */,
				F4E32A75287CF9050002AB0F /* Release */,
			);
			defaultConfigurationIsVisible = 0;
			defaultConfigurationName = Release;
		};
/* End XCConfigurationList section */
	};
	rootObject = F4E32A3B287CF9040002AB0F /* Project object */;
}
